[{<<"cowboy">>,
  {git,"https://github.com/ninenines/cowboy.git",
       {ref,"66fd122c08dd05e2ff2300af963cb977dca2ba7c"}},
  0},
 {<<"cowlib">>,
  {git,"https://github.com/ninenines/cowlib",
       {ref,"8588724cf91ddbb53b9c35ed665866556b217323"}},
  1},
 {<<"jsonx">>,
  {git,"https://github.com/iskra/jsonx.git",
       {ref,"9c95948c6835827ed61a9506ae4a9aba61acf335"}},
  0},
 {<<"kvc">>,
  {git,"https://github.com/etrepum/kvc.git",
       {ref,"5f482a8db330c4dcb2d456b6135c740b8ff7eebb"}},
  0},
 {<<"mysql">>,
  {git,"https://github.com/mysql-otp/mysql-otp",
       {ref,"309b48952e8897c0713e69fd655369222e473ffb"}},
  0},
 {<<"mysql_poolboy">>,
  {git,"https://github.com/mysql-otp/mysql-otp-poolboy",
       {ref,"d390ea6ed0972336bdd5866fe57e60395fe94c02"}},
  0},
 {<<"poolboy">>,
  {git,"https://github.com/devinus/poolboy.git",
       {ref,"29be47db8c2be38b18c908e43a80ebb7b9b6116b"}},
  1},
 {<<"ranch">>,
  {git,"https://github.com/ninenines/ranch",
       {ref,"7423a7bb6dde5edc26283544956ae7387fa69688"}},
  1}].
